
Microsoft Visual Studio Solution File, Format Version 12.00
# Visual Studio Version 17
VisualStudioVersion = 17.12.35514.174 d17.12
MinimumVisualStudioVersion = 10.0.40219.1
Project("{FAE04EC0-301F-11D3-BF4B-00C04F79EFBC}") = "Vektorel.AllInOnce", "Vektorel.AllInOnce\Vektorel.AllInOnce.csproj", "{486478AD-02D5-42A5-B99C-6689E5183334}"
EndProject
Project("{FAE04EC0-301F-11D3-BF4B-00C04F79EFBC}") = "Vektorel.MethodUsage", "Vektorel.MethodUsage\Vektorel.MethodUsage.csproj", "{6FF3DAB6-6E9F-4B8C-8DE2-FD8D0667875A}"
EndProject
Global
	GlobalSection(SolutionConfigurationPlatforms) = preSolution
		Debug|Any CPU = Debug|Any CPU
		Release|Any CPU = Release|Any CPU
	EndGlobalSection
	GlobalSection(ProjectConfigurationPlatforms) = postSolution
		{486478AD-02D5-42A5-B99C-6689E5183334}.Debug|Any CPU.ActiveCfg = Debug|Any CPU
		{486478AD-02D5-42A5-B99C-6689E5183334}.Debug|Any CPU.Build.0 = Debug|Any CPU
		{486478AD-02D5-42A5-B99C-6689E5183334}.Release|Any CPU.ActiveCfg = Release|Any CPU
		{486478AD-02D5-42A5-B99C-6689E5183334}.Release|Any CPU.Build.0 = Release|Any CPU
		{6FF3DAB6-6E9F-4B8C-8DE2-FD8D0667875A}.Debug|Any CPU.ActiveCfg = Debug|Any CPU
		{6FF3DAB6-6E9F-4B8C-8DE2-FD8D0667875A}.Debug|Any CPU.Build.0 = Debug|Any CPU
		{6FF3DAB6-6E9F-4B8C-8DE2-FD8D0667875A}.Release|Any CPU.ActiveCfg = Release|Any CPU
		{6FF3DAB6-6E9F-4B8C-8DE2-FD8D0667875A}.Release|Any CPU.Build.0 = Release|Any CPU
	EndGlobalSection
	GlobalSection(SolutionProperties) = preSolution
		HideSolutionNode = FALSE
	EndGlobalSection
EndGlobal
