
Microsoft Visual Studio Solution File, Format Version 12.00
# Visual Studio Version 17
VisualStudioVersion = 17.11.35327.3
MinimumVisualStudioVersion = 10.0.40219.1
Project("{FAE04EC0-301F-11D3-BF4B-00C04F79EFBC}") = "Vektorel.Objects", "Vektorel.Objects\Vektorel.Objects.csproj", "{F2AD6252-02C0-47E3-AB9E-713369ADF51D}"
EndProject
Project("{FAE04EC0-301F-11D3-BF4B-00C04F79EFBC}") = "Vektorel.Classes", "Vektorel.Classes\Vektorel.Classes.csproj", "{AB952D24-7A03-4101-9DAB-4B5788BBD672}"
EndProject
Project("{FAE04EC0-301F-11D3-BF4B-00C04F79EFBC}") = "Vektorel.Initialisers", "Vektorel.Initialisers\Vektorel.Initialisers.csproj", "{F86021E3-EC62-4ECE-9768-F6B427CE157F}"
EndProject
Global
	GlobalSection(SolutionConfigurationPlatforms) = preSolution
		Debug|Any CPU = Debug|Any CPU
		Release|Any CPU = Release|Any CPU
	EndGlobalSection
	GlobalSection(ProjectConfigurationPlatforms) = postSolution
		{F2AD6252-02C0-47E3-AB9E-713369ADF51D}.Debug|Any CPU.ActiveCfg = Debug|Any CPU
		{F2AD6252-02C0-47E3-AB9E-713369ADF51D}.Debug|Any CPU.Build.0 = Debug|Any CPU
		{F2AD6252-02C0-47E3-AB9E-713369ADF51D}.Release|Any CPU.ActiveCfg = Release|Any CPU
		{F2AD6252-02C0-47E3-AB9E-713369ADF51D}.Release|Any CPU.Build.0 = Release|Any CPU
		{AB952D24-7A03-4101-9DAB-4B5788BBD672}.Debug|Any CPU.ActiveCfg = Debug|Any CPU
		{AB952D24-7A03-4101-9DAB-4B5788BBD672}.Debug|Any CPU.Build.0 = Debug|Any CPU
		{AB952D24-7A03-4101-9DAB-4B5788BBD672}.Release|Any CPU.ActiveCfg = Release|Any CPU
		{AB952D24-7A03-4101-9DAB-4B5788BBD672}.Release|Any CPU.Build.0 = Release|Any CPU
		{F86021E3-EC62-4ECE-9768-F6B427CE157F}.Debug|Any CPU.ActiveCfg = Debug|Any CPU
		{F86021E3-EC62-4ECE-9768-F6B427CE157F}.Debug|Any CPU.Build.0 = Debug|Any CPU
		{F86021E3-EC62-4ECE-9768-F6B427CE157F}.Release|Any CPU.ActiveCfg = Release|Any CPU
		{F86021E3-EC62-4ECE-9768-F6B427CE157F}.Release|Any CPU.Build.0 = Release|Any CPU
	EndGlobalSection
	GlobalSection(SolutionProperties) = preSolution
		HideSolutionNode = FALSE
	EndGlobalSection
	GlobalSection(ExtensibilityGlobals) = postSolution
		SolutionGuid = {C6D771BB-BE8D-4769-B250-BC952C3D61D7}
	EndGlobalSection
EndGlobal
